<Project xmlns="http://schemas.microsoft.com/developer/msbuild/2003">
    <PropertyGroup>
        <Base>True</Base>
        <AppType>Application</AppType>
        <Config Condition="'$(Config)'==''">Beta</Config>
        <FrameworkType>FMX</FrameworkType>
        <MainSource>AErender_Launcher.dpr</MainSource>
        <Platform Condition="'$(Platform)'==''">Win32</Platform>
        <ProjectGuid>{C2DB1030-533B-41FD-8468-632CB85028C7}</ProjectGuid>
        <ProjectVersion>19.0</ProjectVersion>
        <TargetedPlatforms>4099</TargetedPlatforms>
    </PropertyGroup>
    <PropertyGroup Condition="'$(Base_OSX64)'!=''">
        <Base>true</Base>
        <CfgParent>Base</CfgParent>
        <EL_ChildProcessInheritance>true</EL_ChildProcessInheritance>
        <Icns_MainIcns>AErender CC\AErender.icns</Icns_MainIcns>
        <VerInfo_IncludeVerInfo>true</VerInfo_IncludeVerInfo>
        <VerInfo_Build>5</VerInfo_Build>
        <VerInfo_MinorVer>8</VerInfo_MinorVer>
        <VerInfo_MajorVer>0</VerInfo_MajorVer>
        <Manifest_File>(None)</Manifest_File>
        <Base_OSX32>true</Base_OSX32>
        <BT_BuildType>Debug</BT_BuildType>
        <VerInfo_Keys>CFBundleVersion=0.8.5;NSHighResolutionCapable=true;NSLocationUsageDescription=;CFBundleShortVersionString=0.8.5;NSCalendarsUsageDescription=Not used;NSRemindersUsageDescription=Not used;NSCameraUsageDescription=Not used;NSMicrophoneUsageDescription=Not used;NSMotionUsageDescription=Not used;NSDesktopFolderUsageDescription=Not used;NSDocumentsFolderUsageDescription=Saving settings and execution scripts;NSDownloadsFolderUsageDescription=Not used;NSNetworkVolumesUsageDescription=Not used;NSRemovableVolumesUsageDescription=Not used;NSSpeechRecognitionUsageDescription=Not used</VerInfo_Keys>
        <Icon_MainIcon>AErender CC\AErender.ico</Icon_MainIcon>
        <Debugger_Launcher>/usr/X11/bin/xterm -e &quot;%debuggee%&quot;</Debugger_Launcher>
    </PropertyGroup>
    <PropertyGroup Condition="'$(Config)'=='Base' or '$(Base)'!=''">
        <Base>true</Base>
    </PropertyGroup>
    <PropertyGroup Condition="('$(Platform)'=='OSX64' and '$(Base)'=='true') or '$(Base_OSX64)'!=''">
        <Base_OSX64>true</Base_OSX64>
        <CfgParent>Base</CfgParent>
        <Base>true</Base>
    </PropertyGroup>
    <PropertyGroup Condition="('$(Platform)'=='Win32' and '$(Base)'=='true') or '$(Base_Win32)'!=''">
        <Base_Win32>true</Base_Win32>
        <CfgParent>Base</CfgParent>
        <Base>true</Base>
    </PropertyGroup>
    <PropertyGroup Condition="('$(Platform)'=='Win64' and '$(Base)'=='true') or '$(Base_Win64)'!=''">
        <Base_Win64>true</Base_Win64>
        <CfgParent>Base</CfgParent>
        <Base>true</Base>
    </PropertyGroup>
    <PropertyGroup Condition="'$(Config)'=='Debug' or '$(Cfg_1)'!=''">
        <Cfg_1>true</Cfg_1>
        <CfgParent>Base</CfgParent>
        <Base>true</Base>
    </PropertyGroup>
    <PropertyGroup Condition="('$(Platform)'=='OSX64' and '$(Cfg_1)'=='true') or '$(Cfg_1_OSX64)'!=''">
        <Cfg_1_OSX64>true</Cfg_1_OSX64>
        <CfgParent>Cfg_1</CfgParent>
        <Cfg_1>true</Cfg_1>
        <Base>true</Base>
    </PropertyGroup>
    <PropertyGroup Condition="('$(Platform)'=='Win32' and '$(Cfg_1)'=='true') or '$(Cfg_1_Win32)'!=''">
        <Cfg_1_Win32>true</Cfg_1_Win32>
        <CfgParent>Cfg_1</CfgParent>
        <Cfg_1>true</Cfg_1>
        <Base>true</Base>
    </PropertyGroup>
    <PropertyGroup Condition="('$(Platform)'=='Win64' and '$(Cfg_1)'=='true') or '$(Cfg_1_Win64)'!=''">
        <Cfg_1_Win64>true</Cfg_1_Win64>
        <CfgParent>Cfg_1</CfgParent>
        <Cfg_1>true</Cfg_1>
        <Base>true</Base>
    </PropertyGroup>
    <PropertyGroup Condition="'$(Config)'=='Release' or '$(Cfg_2)'!=''">
        <Cfg_2>true</Cfg_2>
        <CfgParent>Base</CfgParent>
        <Base>true</Base>
    </PropertyGroup>
    <PropertyGroup Condition="('$(Platform)'=='OSX64' and '$(Cfg_2)'=='true') or '$(Cfg_2_OSX64)'!=''">
        <Cfg_2_OSX64>true</Cfg_2_OSX64>
        <CfgParent>Cfg_2</CfgParent>
        <Cfg_2>true</Cfg_2>
        <Base>true</Base>
    </PropertyGroup>
    <PropertyGroup Condition="('$(Platform)'=='Win32' and '$(Cfg_2)'=='true') or '$(Cfg_2_Win32)'!=''">
        <Cfg_2_Win32>true</Cfg_2_Win32>
        <CfgParent>Cfg_2</CfgParent>
        <Cfg_2>true</Cfg_2>
        <Base>true</Base>
    </PropertyGroup>
    <PropertyGroup Condition="('$(Platform)'=='Win64' and '$(Cfg_2)'=='true') or '$(Cfg_2_Win64)'!=''">
        <Cfg_2_Win64>true</Cfg_2_Win64>
        <CfgParent>Cfg_2</CfgParent>
        <Cfg_2>true</Cfg_2>
        <Base>true</Base>
    </PropertyGroup>
    <PropertyGroup Condition="'$(Config)'=='Beta' or '$(Cfg_3)'!=''">
        <Cfg_3>true</Cfg_3>
        <CfgParent>Base</CfgParent>
        <Base>true</Base>
    </PropertyGroup>
    <PropertyGroup Condition="('$(Platform)'=='OSX64' and '$(Cfg_3)'=='true') or '$(Cfg_3_OSX64)'!=''">
        <Cfg_3_OSX64>true</Cfg_3_OSX64>
        <CfgParent>Cfg_3</CfgParent>
        <Cfg_3>true</Cfg_3>
        <Base>true</Base>
    </PropertyGroup>
    <PropertyGroup Condition="('$(Platform)'=='Win32' and '$(Cfg_3)'=='true') or '$(Cfg_3_Win32)'!=''">
        <Cfg_3_Win32>true</Cfg_3_Win32>
        <CfgParent>Cfg_3</CfgParent>
        <Cfg_3>true</Cfg_3>
        <Base>true</Base>
    </PropertyGroup>
    <PropertyGroup Condition="('$(Platform)'=='Win64' and '$(Cfg_3)'=='true') or '$(Cfg_3_Win64)'!=''">
        <Cfg_3_Win64>true</Cfg_3_Win64>
        <CfgParent>Cfg_3</CfgParent>
        <Cfg_3>true</Cfg_3>
        <Base>true</Base>
    </PropertyGroup>
    <PropertyGroup Condition="'$(Config)'=='Demo' or '$(Cfg_4)'!=''">
        <Cfg_4>true</Cfg_4>
        <CfgParent>Base</CfgParent>
        <Base>true</Base>
    </PropertyGroup>
    <PropertyGroup Condition="'$(Base)'!=''">
        <SanitizedProjectName>AErender_Launcher</SanitizedProjectName>
        <AUP_ACCESS_COARSE_LOCATION>true</AUP_ACCESS_COARSE_LOCATION>
        <AUP_ACCESS_FINE_LOCATION>true</AUP_ACCESS_FINE_LOCATION>
        <AUP_CALL_PHONE>true</AUP_CALL_PHONE>
        <AUP_CAMERA>true</AUP_CAMERA>
        <AUP_INTERNET>true</AUP_INTERNET>
        <AUP_READ_CALENDAR>true</AUP_READ_CALENDAR>
        <AUP_READ_EXTERNAL_STORAGE>true</AUP_READ_EXTERNAL_STORAGE>
        <AUP_READ_PHONE_STATE>true</AUP_READ_PHONE_STATE>
        <AUP_WRITE_CALENDAR>true</AUP_WRITE_CALENDAR>
        <AUP_WRITE_EXTERNAL_STORAGE>true</AUP_WRITE_EXTERNAL_STORAGE>
        <DCC_DcuOutput>.\$(Platform)\$(Config)</DCC_DcuOutput>
        <DCC_ExeOutput>.\$(Platform)\$(Config)</DCC_ExeOutput>
        <DCC_Namespace>System;Xml;Data;Datasnap;Web;Soap;$(DCC_Namespace)</DCC_Namespace>
        <DCC_UsePackage>RESTComponents;emsclientfiredac;DataSnapFireDAC;FireDACIBDriver;emsclient;FireDACCommon;RESTBackendComponents;soapserver;CloudService;FireDACCommonDriver;inet;FireDAC;FireDACSqliteDriver;soaprtl;soapmidas;$(DCC_UsePackage)</DCC_UsePackage>
        <DCC_macOSMinimumVersion>10.10</DCC_macOSMinimumVersion>
        <Icns_MainIcns>$(BDS)\bin\delphi_PROJECTICNS.icns</Icns_MainIcns>
        <Icon_MainIcon>$(BDS)\bin\delphi_PROJECTICON.ico</Icon_MainIcon>
    </PropertyGroup>
    <PropertyGroup Condition="'$(Base_Win32)'!=''">
        <AppDPIAwarenessMode>PerMonitorV2</AppDPIAwarenessMode>
        <BT_BuildType>Debug</BT_BuildType>
        <DCC_Namespace>Winapi;System.Win;Data.Win;Datasnap.Win;Web.Win;Soap.Win;Xml.Win;Bde;$(DCC_Namespace)</DCC_Namespace>
        <DCC_UsePackage>DBXSqliteDriver;DataSnapServerMidas;DBXDb2Driver;DBXInterBaseDriver;vclactnband;vclFireDAC;svnui;tethering;FireDACADSDriver;DBXMSSQLDriver;DatasnapConnectorsFreePascal;FireDACMSSQLDriver;vcltouch;vcldb;bindcompfmx;svn;Intraweb;DBXOracleDriver;inetdb;FmxTeeUI;emsedge;fmx;fmxdae;vclib;FireDACDBXDriver;dbexpress;IndyCore;vclx;dsnap;DataSnapCommon;DataSnapConnectors;VCLRESTComponents;vclie;bindengine;DBXMySQLDriver;FireDACOracleDriver;FireDACMySQLDriver;DBXFirebirdDriver;FireDACCommonODBC;DataSnapClient;bindcompdbx;IndyIPCommon;vcl;DBXSybaseASEDriver;IndyIPServer;IndySystem;FireDACDb2Driver;dsnapcon;FireDACMSAccDriver;fmxFireDAC;FireDACInfxDriver;vclimg;TeeDB;emshosting;FireDACPgDriver;ibmonitor;FireDACASADriver;DBXOdbcDriver;FireDACTDataDriver;FMXTee;DbxCommonDriver;ibxpress;Tee;DataSnapServer;xmlrtl;DataSnapNativeClient;fmxobj;vclwinx;ibxbindings;rtl;FireDACDSDriver;DbxClientDriver;ColorSelector;DBXSybaseASADriver;CustomIPTransport;vcldsnap;bindcomp;appanalytics;DBXInformixDriver;IndyIPClient;bindcompvcl;TeeUI;dbxcds;VclSmp;adortl;FireDACODBCDriver;DataSnapIndy10ServerTransport;dsnapxml;DataSnapProviderClient;dbrtl;inetdbxpress;FireDACMongoDBDriver;IndyProtocols;fmxase;$(DCC_UsePackage)</DCC_UsePackage>
        <Icns_MainIcns>AErender CC\AErender.icns</Icns_MainIcns>
        <Icon_MainIcon>AErender CC\AErender.ico</Icon_MainIcon>
        <Manifest_File>$(BDS)\bin\default_app.manifest</Manifest_File>
        <PF_UWPPackageDisplayName>AErender Launcher</PF_UWPPackageDisplayName>
        <PF_UWPPackageName>AErenderLauncher</PF_UWPPackageName>
        <PF_UWPPublisher>CN=Deneb</PF_UWPPublisher>
        <PF_UWPPublisherDisplayName>Night Sky Studio</PF_UWPPublisherDisplayName>
        <UWP_DelphiLogo150>AErender CC\icon_UWP_150.png</UWP_DelphiLogo150>
        <UWP_DelphiLogo44>AErender CC\icon_UWP_44.png</UWP_DelphiLogo44>
        <VerInfo_AutoIncVersion>true</VerInfo_AutoIncVersion>
        <VerInfo_IncludeVerInfo>true</VerInfo_IncludeVerInfo>
        <VerInfo_Keys>CompanyName=Night Sky Studio;FileDescription=AErender Launcher;FileVersion=0.8.5.0;InternalName=;LegalCopyright=;LegalTrademarks=;OriginalFilename=;ProgramID=com.NightSkyStudio.AErenderLauncher;ProductName=AErender Launcher;ProductVersion=0.8.5.0;Comments=</VerInfo_Keys>
        <VerInfo_Locale>1033</VerInfo_Locale>
        <VerInfo_MajorVer>0</VerInfo_MajorVer>
        <VerInfo_MinorVer>8</VerInfo_MinorVer>
        <VerInfo_PreRelease>true</VerInfo_PreRelease>
        <VerInfo_Release>5</VerInfo_Release>
    </PropertyGroup>
    <PropertyGroup Condition="'$(Base_Win64)'!=''">
        <Icns_MainIcns>AErender CC\AErender.icns</Icns_MainIcns>
        <Icon_MainIcon>AErender CC\AErender.ico</Icon_MainIcon>
        <Manifest_File>(None)</Manifest_File>
        <UWP_DelphiLogo150>AErender CC\icon_UWP_150.png</UWP_DelphiLogo150>
        <UWP_DelphiLogo44>AErender CC\icon_UWP_44.png</UWP_DelphiLogo44>
        <VerInfo_IncludeVerInfo>true</VerInfo_IncludeVerInfo>
        <VerInfo_Keys>FileVersion=0.8.5.0;ProductVersion=0.8.5.0</VerInfo_Keys>
        <VerInfo_Locale>1033</VerInfo_Locale>
        <VerInfo_MajorVer>0</VerInfo_MajorVer>
        <VerInfo_MinorVer>8</VerInfo_MinorVer>
        <VerInfo_PreRelease>true</VerInfo_PreRelease>
        <VerInfo_Release>5</VerInfo_Release>
    </PropertyGroup>
    <PropertyGroup Condition="'$(Cfg_1)'!=''">
        <DCC_DebugDCUs>true</DCC_DebugDCUs>
        <DCC_DebugInfoInExe>true</DCC_DebugInfoInExe>
        <DCC_Define>DEBUG;$(DCC_Define)</DCC_Define>
        <DCC_GenerateStackFrames>true</DCC_GenerateStackFrames>
        <DCC_Optimize>false</DCC_Optimize>
        <DCC_RemoteDebug>true</DCC_RemoteDebug>
    </PropertyGroup>
    <PropertyGroup Condition="'$(Cfg_1_OSX64)'!=''">
        <CfgParent>Cfg_1</CfgParent>
        <Cfg_1>true</Cfg_1>
        <Cfg_1_OSX32>true</Cfg_1_OSX32>
        <Icns_MainIcns>E:\AErender CC\AErender.icns</Icns_MainIcns>
        <Icon_MainIcon>E:\AErender CC\AErender.ico</Icon_MainIcon>
        <Manifest_File>..\(None)</Manifest_File>
        <VerInfo_Build>5</VerInfo_Build>
        <VerInfo_IncludeVerInfo>true</VerInfo_IncludeVerInfo>
        <VerInfo_MajorVer>0</VerInfo_MajorVer>
        <VerInfo_MinorVer>8</VerInfo_MinorVer>
    </PropertyGroup>
    <PropertyGroup Condition="'$(Cfg_1_Win32)'!=''">
        <AppEnableRuntimeThemes>true</AppEnableRuntimeThemes>
        <DCC_RemoteDebug>false</DCC_RemoteDebug>
        <Icns_MainIcns>E:\AErender CC\AErender.icns</Icns_MainIcns>
        <Icon_MainIcon>E:\AErender CC\AErender.ico</Icon_MainIcon>
        <VerInfo_Debug>true</VerInfo_Debug>
        <VerInfo_IncludeVerInfo>true</VerInfo_IncludeVerInfo>
        <VerInfo_Locale>1033</VerInfo_Locale>
    </PropertyGroup>
    <PropertyGroup Condition="'$(Cfg_1_Win64)'!=''">
        <BT_BuildType>Debug</BT_BuildType>
        <VerInfo_Keys>FileVersion=1.0.0.0</VerInfo_Keys>
        <VerInfo_Locale>1033</VerInfo_Locale>
    </PropertyGroup>
    <PropertyGroup Condition="'$(Cfg_2)'!=''">
        <DCC_DebugInformation>0</DCC_DebugInformation>
        <DCC_Define>RELEASE;$(DCC_Define)</DCC_Define>
        <DCC_LocalDebugSymbols>false</DCC_LocalDebugSymbols>
        <DCC_SymbolReferenceInfo>0</DCC_SymbolReferenceInfo>
    </PropertyGroup>
    <PropertyGroup Condition="'$(Cfg_2_OSX64)'!=''">
        <CfgParent>Cfg_2</CfgParent>
        <Cfg_2>true</Cfg_2>
        <Cfg_2_OSX32>true</Cfg_2_OSX32>
        <Icns_MainIcns>E:\AErender CC\AErender.icns</Icns_MainIcns>
        <Icon_MainIcon>E:\AErender CC\AErender.ico</Icon_MainIcon>
        <Manifest_File>..\(None)</Manifest_File>
    </PropertyGroup>
    <PropertyGroup Condition="'$(Cfg_2_Win32)'!=''">
        <AppEnableRuntimeThemes>true</AppEnableRuntimeThemes>
        <Debugger_DebugSourcePath>C:\Program Files (x86)\Embarcadero\Studio\20.0\source\Chromium\;$(Debugger_DebugSourcePath)</Debugger_DebugSourcePath>
        <Icns_MainIcns>E:\AErender CC\AErender.icns</Icns_MainIcns>
        <Icon_MainIcon>E:\AErender CC\AErender.ico</Icon_MainIcon>
        <VerInfo_Debug>true</VerInfo_Debug>
        <VerInfo_IncludeVerInfo>true</VerInfo_IncludeVerInfo>
        <VerInfo_Locale>1033</VerInfo_Locale>
    </PropertyGroup>
    <PropertyGroup Condition="'$(Cfg_2_Win64)'!=''">
        <Icns_MainIcns>AErender CC\AErender.icns</Icns_MainIcns>
        <Icon_MainIcon>AErender CC\AErender.ico</Icon_MainIcon>
        <UWP_DelphiLogo150>AErender CC\icon_UWP_150.png</UWP_DelphiLogo150>
        <UWP_DelphiLogo44>AErender CC\icon_UWP_44.png</UWP_DelphiLogo44>
        <VerInfo_Keys>CompanyName=Night Sky Studio;FileDescription=AErender Launcher;FileVersion=1.0.0.0;InternalName=;LegalCopyright=;LegalTrademarks=;OriginalFilename=;ProgramID=com.NightSkyStudio.AErenderLauncher;ProductName=AErender Launcher;ProductVersion=1.0.0.0;Comments=</VerInfo_Keys>
        <VerInfo_Locale>1033</VerInfo_Locale>
    </PropertyGroup>
    <PropertyGroup Condition="'$(Cfg_3_OSX64)'!=''">
        <CfgParent>Cfg_3</CfgParent>
        <Cfg_3>true</Cfg_3>
        <Cfg_3_OSX32>true</Cfg_3_OSX32>
        <DCC_IntegerOverflowCheck>true</DCC_IntegerOverflowCheck>
        <DCC_RangeChecking>true</DCC_RangeChecking>
        <DCC_RemoteDebug>true</DCC_RemoteDebug>
        <DCC_ShowGeneralMessages>true</DCC_ShowGeneralMessages>
        <DCC_macOSMinimumVersion>10.10</DCC_macOSMinimumVersion>
        <EL_DebuggingTool>true</EL_DebuggingTool>
        <Icns_MainIcns>AErender CC\AErender.icns</Icns_MainIcns>
        <Icon_MainIcon>AErender CC\AErender.ico</Icon_MainIcon>
        <Manifest_File>..\(None)</Manifest_File>
        <VerInfo_Build>5</VerInfo_Build>
        <VerInfo_IncludeVerInfo>true</VerInfo_IncludeVerInfo>
        <VerInfo_Keys>CFBundleVersion=0.8.5;NSHighResolutionCapable=true;NSCalendarsUsageDescription=No;NSRemindersUsageDescription=No;NSCameraUsageDescription=No;NSMicrophoneUsageDescription=No;NSMotionUsageDescription=No;NSDesktopFolderUsageDescription=No;NSDocumentsFolderUsageDescription=Data saving;NSDownloadsFolderUsageDescription=No;NSNetworkVolumesUsageDescription=No;NSRemovableVolumesUsageDescription=No;NSSpeechRecognitionUsageDescription=No;CFBundleShortVersionString=0.8.5;NSUserNotificationAlertStyle=alert</VerInfo_Keys>
        <VerInfo_MajorVer>0</VerInfo_MajorVer>
        <VerInfo_MinorVer>8</VerInfo_MinorVer>
    </PropertyGroup>
    <PropertyGroup Condition="'$(Cfg_3_Win32)'!=''">
        <AppEnableRuntimeThemes>true</AppEnableRuntimeThemes>
        <Icns_MainIcns>AErender CC\AErender.icns</Icns_MainIcns>
        <Icon_MainIcon>AErender CC\AErender.ico</Icon_MainIcon>
        <VerInfo_AutoIncVersion>true</VerInfo_AutoIncVersion>
        <VerInfo_Build>15</VerInfo_Build>
        <VerInfo_Debug>true</VerInfo_Debug>
        <VerInfo_IncludeVerInfo>true</VerInfo_IncludeVerInfo>
        <VerInfo_Keys>CompanyName=Night Sky Studio;FileDescription=AErender Launcher;FileVersion=0.8.2.15;InternalName=;LegalCopyright=;LegalTrademarks=;OriginalFilename=;ProgramID=com.NightSkyStudio.AErenderLauncher;ProductName=AErender Launcher;ProductVersion=0.8.0;Comments=;PrivateBuild=v0.8.0-beta</VerInfo_Keys>
        <VerInfo_Locale>1033</VerInfo_Locale>
        <VerInfo_MajorVer>0</VerInfo_MajorVer>
        <VerInfo_MinorVer>8</VerInfo_MinorVer>
        <VerInfo_PreRelease>true</VerInfo_PreRelease>
        <VerInfo_Private>true</VerInfo_Private>
        <VerInfo_Release>2</VerInfo_Release>
    </PropertyGroup>
    <PropertyGroup Condition="'$(Cfg_3_Win64)'!=''">
        <AppDPIAwarenessMode>PerMonitorV2</AppDPIAwarenessMode>
        <AppEnableRuntimeThemes>true</AppEnableRuntimeThemes>
        <BT_BuildType>Debug</BT_BuildType>
        <Icns_MainIcns>AErender CC\AErender.icns</Icns_MainIcns>
        <Icon_MainIcon>AErender CC\AErender.ico</Icon_MainIcon>
        <Manifest_File>$(BDS)\bin\default_app.manifest</Manifest_File>
        <UWP_DelphiLogo150>AErender CC\icon_UWP_150.png</UWP_DelphiLogo150>
        <UWP_DelphiLogo44>AErender CC\icon_UWP_44.png</UWP_DelphiLogo44>
        <VerInfo_IncludeVerInfo>true</VerInfo_IncludeVerInfo>
        <VerInfo_Keys>CompanyName=Night Sky Studio;FileDescription=AErender Launcher;FileVersion=0.8.5.0;InternalName=;LegalCopyright=;LegalTrademarks=;OriginalFilename=;ProgramID=com.NightSkyStudio.AErenderLauncher;ProductName=AErender Launcher;ProductVersion=0.8.5;Comments=;PrivateBuild=v0.8.5-beta</VerInfo_Keys>
        <VerInfo_Locale>1033</VerInfo_Locale>
        <VerInfo_MajorVer>0</VerInfo_MajorVer>
        <VerInfo_MinorVer>8</VerInfo_MinorVer>
        <VerInfo_PreRelease>true</VerInfo_PreRelease>
        <VerInfo_Release>5</VerInfo_Release>
    </PropertyGroup>
    <ItemGroup>
        <DelphiCompile Include="$(MainSource)">
            <MainSource>MainSource</MainSource>
        </DelphiCompile>
        <DCCReference Include="lib\FMX.Graphics.pas"/>
        <DCCReference Include="lib\FMX.Ani.pas"/>
        <DCCReference Include="SplashScreenUnit.pas">
            <Form>SplashScreenForm</Form>
        </DCCReference>
        <DCCReference Include="MainUnit.pas">
            <Form>MainForm</Form>
        </DCCReference>
        <DCCReference Include="SettingsUnit.pas">
            <Form>SettingsForm</Form>
        </DCCReference>
        <DCCReference Include="HelpUnit.pas">
            <Form>HelpForm</Form>
        </DCCReference>
        <DCCReference Include="ImportUnit.pas">
            <Form>ImportForm</Form>
        </DCCReference>
        <DCCReference Include="AboutUnit.pas">
            <Form>AboutForm</Form>
        </DCCReference>
        <DCCReference Include="FFMPEGUnit.pas">
            <Form>FFMPEGForm</Form>
        </DCCReference>
        <DCCReference Include="RenderingUnit.pas">
            <Form>RenderingForm</Form>
        </DCCReference>
        <DCCReference Include="OutputModuleEditorUnit.pas">
            <Form>OutputModuleEditorForm</Form>
        </DCCReference>
        <DCCReference Include="lib\Mac.CodeBlocks.pas"/>
        <DCCReference Include="lib\FMX.Taskbar.pas"/>
        <DCCReference Include="MathExpParser.pas"/>
        <DCCReference Include="..\..\AErender Parser\AErenderDataParser.pas"/>
        <DCCReference Include="lib\AErenderLauncherLocalization.pas"/>
        <RcItem Include="..\lang\en-US.aerlang">
            <ContainerId>ResourceItem</ContainerId>
            <ResourceType>RCDATA</ResourceType>
            <ResourceId>Language_EN</ResourceId>
        </RcItem>
        <RcItem Include="..\lang\ru-RU.aerlang">
            <ContainerId>ResourceItem</ContainerId>
            <ResourceType>RCDATA</ResourceType>
            <ResourceId>Language_RU</ResourceId>
        </RcItem>
        <BuildConfiguration Include="Base">
            <Key>Base</Key>
        </BuildConfiguration>
        <BuildConfiguration Include="Debug">
            <Key>Cfg_1</Key>
            <CfgParent>Base</CfgParent>
        </BuildConfiguration>
        <BuildConfiguration Include="Release">
            <Key>Cfg_2</Key>
            <CfgParent>Base</CfgParent>
        </BuildConfiguration>
        <BuildConfiguration Include="Beta">
            <Key>Cfg_3</Key>
            <CfgParent>Base</CfgParent>
        </BuildConfiguration>
        <BuildConfiguration Include="Demo">
            <Key>Cfg_4</Key>
            <CfgParent>Base</CfgParent>
        </BuildConfiguration>
    </ItemGroup>
    <ProjectExtensions>
        <Borland.Personality>Delphi.Personality.12</Borland.Personality>
        <Borland.ProjectType>Application</Borland.ProjectType>
        <BorlandProject>
            <Delphi.Personality>
                <Source>
                    <Source Name="MainSource">AErender_Launcher.dpr</Source>
                </Source>
                <Excluded_Packages>
                    <Excluded_Packages Name="$(BDSBIN)\dcloffice2k270.bpl">Microsoft Office 2000 Sample Automation Server Wrapper Components</Excluded_Packages>
                    <Excluded_Packages Name="$(BDSBIN)\dclofficexp270.bpl">Microsoft Office XP Sample Automation Server Wrapper Components</Excluded_Packages>
                </Excluded_Packages>
            </Delphi.Personality>
            <Deployment Version="3">
                <DeployFile LocalName="$(BDS)\Redist\osx64\libcgsqlite3.dylib" Class="DependencyModule">
                    <Platform Name="OSX64">
                        <Overwrite>true</Overwrite>
                    </Platform>
                </DeployFile>
                <DeployFile LocalName="..\lang\en-US.aerlang" Configuration="Beta" Class="ProjectFile">
                    <Platform Name="Win32">
                        <RemoteDir>.\</RemoteDir>
                        <Overwrite>true</Overwrite>
                    </Platform>
                </DeployFile>
                <DeployFile LocalName="..\lang\en-US.aerlang" Configuration="Beta" Class="ProjectFile">
                    <Platform Name="Win64">
                        <RemoteDir>.\</RemoteDir>
                        <Overwrite>true</Overwrite>
                    </Platform>
                </DeployFile>
                <DeployFile LocalName="..\lang\en-US.aerlang" Configuration="Beta" Class="ProjectFile">
                    <Platform Name="OSX64">
                        <RemoteDir>Contents\Resources\StartUp\</RemoteDir>
                        <Overwrite>true</Overwrite>
                    </Platform>
                </DeployFile>
                <DeployFile LocalName="..\lang\en-US.aerlang" Configuration="Debug" Class="ProjectFile">
                    <Platform Name="OSX64">
                        <RemoteDir>Contents\Resources\StartUp\</RemoteDir>
                        <Overwrite>true</Overwrite>
                    </Platform>
                </DeployFile>
                <DeployFile LocalName="..\lang\ru-RU.aerlang" Configuration="Beta" Class="ProjectFile">
                    <Platform Name="Win32">
                        <RemoteDir>.\</RemoteDir>
                        <Overwrite>true</Overwrite>
                    </Platform>
                </DeployFile>
                <DeployFile LocalName="..\lang\ru-RU.aerlang" Configuration="Beta" Class="ProjectFile">
                    <Platform Name="Win64">
                        <RemoteDir>.\</RemoteDir>
                        <Overwrite>true</Overwrite>
                    </Platform>
                </DeployFile>
                <DeployFile LocalName="..\lang\ru-RU.aerlang" Configuration="Beta" Class="ProjectFile">
                    <Platform Name="OSX64">
                        <RemoteDir>Contents\Resources\StartUp\</RemoteDir>
                        <Overwrite>true</Overwrite>
                    </Platform>
                </DeployFile>
                <DeployFile LocalName="..\lang\ru-RU.aerlang" Configuration="Debug" Class="ProjectFile">
                    <Platform Name="OSX64">
                        <RemoteDir>Contents\Resources\StartUp\</RemoteDir>
                        <Overwrite>true</Overwrite>
                    </Platform>
                </DeployFile>
                <DeployFile LocalName="AErender CC\AErender.icns" Configuration="Beta" Class="ProjectOSXResource">
                    <Platform Name="OSX64">
                        <RemoteName>AErender_Launcher.icns</RemoteName>
                        <Overwrite>true</Overwrite>
                    </Platform>
                </DeployFile>
                <DeployFile LocalName="AErender CC\icon_UWP_150.png" Configuration="Beta" Class="UWP_DelphiLogo150">
                    <Platform Name="Win32">
                        <RemoteDir>Assets\</RemoteDir>
                        <RemoteName>Logo150x150.png</RemoteName>
                        <Overwrite>true</Overwrite>
                    </Platform>
                </DeployFile>
                <DeployFile LocalName="AErender CC\icon_UWP_150.png" Configuration="Beta" Class="UWP_DelphiLogo150">
                    <Platform Name="Win64">
                        <RemoteDir>Assets\</RemoteDir>
                        <RemoteName>Logo150x150.png</RemoteName>
                        <Overwrite>true</Overwrite>
                    </Platform>
                </DeployFile>
                <DeployFile LocalName="AErender CC\icon_UWP_44.png" Configuration="Beta" Class="UWP_DelphiLogo44">
                    <Platform Name="Win32">
                        <RemoteDir>Assets\</RemoteDir>
                        <RemoteName>Logo44x44.png</RemoteName>
                        <Overwrite>true</Overwrite>
                    </Platform>
                </DeployFile>
                <DeployFile LocalName="AErender CC\icon_UWP_44.png" Configuration="Beta" Class="UWP_DelphiLogo44">
                    <Platform Name="Win64">
                        <RemoteDir>Assets\</RemoteDir>
                        <RemoteName>Logo44x44.png</RemoteName>
                        <Overwrite>true</Overwrite>
                    </Platform>
                </DeployFile>
                <DeployFile LocalName="Docs\About.html" Configuration="Release" Class="ProjectFile">
                    <Platform Name="Win32">
                        <RemoteDir>C:\ProgramData\AErender\Docs</RemoteDir>
                        <Enabled>false</Enabled>
                        <Overwrite>true</Overwrite>
                    </Platform>
                </DeployFile>
                <DeployFile LocalName="Docs\AfterEffectsRenderEngine.html" Configuration="Release" Class="ProjectFile">
                    <Platform Name="Win32">
                        <RemoteDir>C:\ProgramData\AErender\Docs</RemoteDir>
                        <Enabled>false</Enabled>
                        <Overwrite>true</Overwrite>
                    </Platform>
                </DeployFile>
                <DeployFile LocalName="Docs\Error.html" Configuration="Release" Class="ProjectFile">
                    <Platform Name="Win32">
                        <RemoteDir>C:\ProgramData\AErender\Docs</RemoteDir>
                        <Enabled>false</Enabled>
                        <Overwrite>true</Overwrite>
                    </Platform>
                </DeployFile>
                <DeployFile LocalName="Docs\Introduction.html" Configuration="Release" Class="ProjectFile">
                    <Platform Name="Win32">
                        <RemoteDir>C:\ProgramData\AErender\Docs</RemoteDir>
                        <Enabled>false</Enabled>
                        <Overwrite>true</Overwrite>
                    </Platform>
                </DeployFile>
                <DeployFile LocalName="Docs\Issues.html" Configuration="Release" Class="ProjectFile">
                    <Platform Name="Win32">
                        <RemoteDir>C:\ProgramData\AErender\Docs</RemoteDir>
                        <Enabled>false</Enabled>
                        <Overwrite>true</Overwrite>
                    </Platform>
                </DeployFile>
                <DeployFile LocalName="Docs\PreparingRendering.html" Configuration="Release" Class="ProjectFile">
                    <Platform Name="Win32">
                        <RemoteDir>C:\ProgramData\AErender\Docs</RemoteDir>
                        <Enabled>false</Enabled>
                        <Overwrite>true</Overwrite>
                    </Platform>
                </DeployFile>
                <DeployFile LocalName="Docs\icon_128.png" Configuration="Release" Class="ProjectFile">
                    <Platform Name="Win32">
                        <RemoteDir>C:\ProgramData\AErender\Docs</RemoteDir>
                        <Enabled>false</Enabled>
                        <Overwrite>true</Overwrite>
                    </Platform>
                </DeployFile>
                <DeployFile LocalName="E:\AErender CC\AErender.icns" Configuration="Debug" Class="ProjectOSXResource">
                    <Platform Name="OSX64">
                        <RemoteName>AErenderLauncher.icns</RemoteName>
                        <Overwrite>true</Overwrite>
                    </Platform>
                </DeployFile>
                <DeployFile LocalName="E:\AErender CC\icon_UWP_150.png" Configuration="Debug" Class="UWP_DelphiLogo150">
                    <Platform Name="Win32">
                        <RemoteDir>Assets\</RemoteDir>
                        <Enabled>false</Enabled>
                        <RemoteName>Logo150x150.png</RemoteName>
                        <Overwrite>true</Overwrite>
                    </Platform>
                </DeployFile>
                <DeployFile LocalName="E:\AErender CC\icon_UWP_150.png" Configuration="Release" Class="UWP_DelphiLogo150">
                    <Platform Name="Win32">
                        <RemoteDir>Assets\</RemoteDir>
                        <RemoteName>Logo150x150.png</RemoteName>
                        <Overwrite>true</Overwrite>
                    </Platform>
                </DeployFile>
                <DeployFile LocalName="E:\AErender CC\icon_UWP_44.png" Configuration="Debug" Class="UWP_DelphiLogo44">
                    <Platform Name="Win32">
                        <RemoteDir>Assets\</RemoteDir>
                        <Enabled>false</Enabled>
                        <RemoteName>Logo44x44.png</RemoteName>
                        <Overwrite>true</Overwrite>
                    </Platform>
                </DeployFile>
                <DeployFile LocalName="E:\AErender CC\icon_UWP_44.png" Configuration="Release" Class="UWP_DelphiLogo44">
                    <Platform Name="Win32">
                        <RemoteDir>Assets\</RemoteDir>
                        <RemoteName>Logo44x44.png</RemoteName>
                        <Overwrite>true</Overwrite>
                    </Platform>
                </DeployFile>
                <DeployFile LocalName="OSX64\Beta\AErender_Launcher" Configuration="Beta" Class="ProjectOutput">
                    <Platform Name="OSX64">
                        <RemoteName>AErender_Launcher</RemoteName>
                        <Overwrite>true</Overwrite>
                    </Platform>
                </DeployFile>
                <DeployFile LocalName="OSX64\Beta\AErender_Launcher.dSYM" Configuration="Beta" Class="ProjectOSXDebug">
                    <Platform Name="OSX64">
                        <RemoteName>AErender_Launcher</RemoteName>
                        <Overwrite>true</Overwrite>
                    </Platform>
                </DeployFile>
                <DeployFile LocalName="OSX64\Beta\AErender_Launcher.entitlements" Configuration="Beta" Class="ProjectOSXEntitlements">
                    <Platform Name="OSX64">
                        <Overwrite>true</Overwrite>
                    </Platform>
                </DeployFile>
                <DeployFile LocalName="OSX64\Beta\AErender_Launcher.info.plist" Configuration="Beta" Class="ProjectOSXInfoPList">
                    <Platform Name="OSX64">
                        <RemoteName>Info.plist</RemoteName>
                        <Overwrite>true</Overwrite>
                    </Platform>
                </DeployFile>
                <DeployFile LocalName="OSX64\Debug\AErenderLauncher.dSYM" Configuration="Debug" Class="ProjectOSXDebug">
                    <Platform Name="OSX64">
                        <RemoteName>AErenderLauncher</RemoteName>
                        <Overwrite>true</Overwrite>
                    </Platform>
                </DeployFile>
                <DeployFile LocalName="OSX64\Debug\AErenderLauncher.entitlements" Configuration="Debug" Class="ProjectOSXEntitlements">
                    <Platform Name="OSX64">
                        <Overwrite>true</Overwrite>
                    </Platform>
                </DeployFile>
                <DeployFile LocalName="OSX64\Debug\AErenderLauncher.info.plist" Configuration="Debug" Class="ProjectOSXInfoPList">
                    <Platform Name="OSX64">
                        <RemoteName>Info.plist</RemoteName>
                        <Overwrite>true</Overwrite>
                    </Platform>
                </DeployFile>
                <DeployFile LocalName="OSX64\Debug\AErender_Launcher" Configuration="Debug" Class="ProjectOutput">
                    <Platform Name="OSX64">
                        <RemoteName>AErender_Launcher</RemoteName>
                        <Overwrite>true</Overwrite>
                    </Platform>
                </DeployFile>
                <DeployFile LocalName="Win32\Beta\AErender_Launcher.exe" Configuration="Beta" Class="ProjectOutput">
                    <Platform Name="Win32">
                        <RemoteName>AErender_Launcher.exe</RemoteName>
                        <Overwrite>true</Overwrite>
                    </Platform>
                </DeployFile>
                <DeployFile LocalName="Win32\Beta\AppxManifest.xml" Configuration="Beta" Class="ProjectUWPManifest">
                    <Platform Name="Win32">
                        <Overwrite>true</Overwrite>
                    </Platform>
                </DeployFile>
                <DeployFile LocalName="Win32\Debug\AErender_Launcher.exe" Configuration="Debug" Class="ProjectOutput">
                    <Platform Name="Win32">
                        <Enabled>false</Enabled>
                        <RemoteName>AErender_Launcher.exe</RemoteName>
                        <Overwrite>true</Overwrite>
                    </Platform>
                </DeployFile>
                <DeployFile LocalName="Win32\Release\AErender_Launcher.exe" Configuration="Release" Class="ProjectOutput">
                    <Platform Name="Win32">
                        <Enabled>false</Enabled>
                        <RemoteName>AErender_Launcher.exe</RemoteName>
                        <Overwrite>true</Overwrite>
                    </Platform>
                </DeployFile>
                <DeployFile LocalName="Win32\Release\AppxManifest.xml" Configuration="Release" Class="ProjectUWPManifest">
                    <Platform Name="Win32">
                        <Enabled>false</Enabled>
                        <Overwrite>true</Overwrite>
                    </Platform>
                </DeployFile>
                <DeployFile LocalName="Win64\Beta\AErender_Launcher.exe" Configuration="Beta" Class="ProjectOutput">
                    <Platform Name="Win64">
                        <RemoteName>AErender_Launcher.exe</RemoteName>
                        <Overwrite>true</Overwrite>
                    </Platform>
                </DeployFile>
                <DeployFile LocalName="Win64\Debug\AErender_Launcher.exe" Configuration="Debug" Class="ProjectOutput">
                    <Platform Name="Win64">
                        <RemoteName>AErender_Launcher.exe</RemoteName>
                        <Overwrite>true</Overwrite>
                    </Platform>
                </DeployFile>
                <DeployClass Name="AdditionalDebugSymbols">
                    <Platform Name="Win32">
                        <Operation>0</Operation>
                    </Platform>
                </DeployClass>
                <DeployClass Name="DebugSymbols">
                    <Platform Name="Win32">
                        <Operation>0</Operation>
                    </Platform>
                </DeployClass>
                <DeployClass Name="DependencyFramework">
                    <Platform Name="OSX64">
                        <RemoteDir>Contents\MacOS</RemoteDir>
                        <Operation>1</Operation>
                        <Extensions>.framework</Extensions>
                    </Platform>
                    <Platform Name="Win32">
                        <Operation>0</Operation>
                    </Platform>
                </DeployClass>
                <DeployClass Name="DependencyModule">
                    <Platform Name="OSX64">
                        <RemoteDir>Contents\MacOS</RemoteDir>
                        <Operation>1</Operation>
                        <Extensions>.dylib</Extensions>
                    </Platform>
                    <Platform Name="Win32">
                        <Operation>0</Operation>
                        <Extensions>.dll;.bpl</Extensions>
                    </Platform>
                </DeployClass>
                <DeployClass Required="true" Name="DependencyPackage">
                    <Platform Name="OSX64">
                        <RemoteDir>Contents\MacOS</RemoteDir>
                        <Operation>1</Operation>
                        <Extensions>.dylib</Extensions>
                    </Platform>
                    <Platform Name="Win32">
                        <Operation>0</Operation>
                        <Extensions>.bpl</Extensions>
                    </Platform>
                </DeployClass>
                <DeployClass Name="File">
                    <Platform Name="OSX64">
                        <RemoteDir>Contents\Resources\StartUp\</RemoteDir>
                        <Operation>0</Operation>
                    </Platform>
                    <Platform Name="Win32">
                        <Operation>0</Operation>
                    </Platform>
                </DeployClass>
                <DeployClass Name="ProjectOSXDebug">
                    <Platform Name="OSX64">
                        <RemoteDir>..\$(PROJECTNAME).app.dSYM\Contents\Resources\DWARF</RemoteDir>
                        <Operation>1</Operation>
                    </Platform>
                </DeployClass>
                <DeployClass Name="ProjectOSXEntitlements">
                    <Platform Name="OSX64">
                        <RemoteDir>..\</RemoteDir>
                        <Operation>1</Operation>
                    </Platform>
                </DeployClass>
                <DeployClass Name="ProjectOSXInfoPList">
                    <Platform Name="OSX64">
                        <RemoteDir>Contents</RemoteDir>
                        <Operation>1</Operation>
                    </Platform>
                </DeployClass>
                <DeployClass Name="ProjectOSXResource">
                    <Platform Name="OSX64">
                        <RemoteDir>Contents\Resources</RemoteDir>
                        <Operation>1</Operation>
                    </Platform>
                </DeployClass>
                <DeployClass Required="true" Name="ProjectOutput">
                    <Platform Name="OSX64">
                        <RemoteDir>Contents\MacOS</RemoteDir>
                        <Operation>1</Operation>
                    </Platform>
                    <Platform Name="Win32">
                        <Operation>0</Operation>
                    </Platform>
                </DeployClass>
                <DeployClass Name="ProjectUWPManifest">
                    <Platform Name="Win32">
                        <Operation>1</Operation>
                    </Platform>
                    <Platform Name="Win64">
                        <Operation>1</Operation>
                    </Platform>
                </DeployClass>
                <DeployClass Name="UWP_DelphiLogo150">
                    <Platform Name="Win32">
                        <RemoteDir>Assets</RemoteDir>
                        <Operation>1</Operation>
                    </Platform>
                    <Platform Name="Win64">
                        <RemoteDir>Assets</RemoteDir>
                        <Operation>1</Operation>
                    </Platform>
                </DeployClass>
                <DeployClass Name="UWP_DelphiLogo44">
                    <Platform Name="Win32">
                        <RemoteDir>Assets</RemoteDir>
                        <Operation>1</Operation>
                    </Platform>
                    <Platform Name="Win64">
                        <RemoteDir>Assets</RemoteDir>
                        <Operation>1</Operation>
                    </Platform>
                </DeployClass>
                <ProjectRoot Platform="OSX64" Name="$(PROJECTNAME).app"/>
                <ProjectRoot Platform="Win32" Name="$(PROJECTNAME)"/>
                <ProjectRoot Platform="Win64" Name="$(PROJECTNAME)"/>
            </Deployment>
            <Platforms>
                <Platform value="OSX64">True</Platform>
                <Platform value="Win32">True</Platform>
                <Platform value="Win64">True</Platform>
            </Platforms>
            <ModelSupport>False</ModelSupport>
        </BorlandProject>
        <ProjectFileVersion>12</ProjectFileVersion>
    </ProjectExtensions>
    <Import Project="$(BDS)\Bin\CodeGear.Delphi.Targets" Condition="Exists('$(BDS)\Bin\CodeGear.Delphi.Targets')"/>
    <Import Project="$(APPDATA)\Embarcadero\$(BDSAPPDATABASEDIR)\$(PRODUCTVERSION)\UserTools.proj" Condition="Exists('$(APPDATA)\Embarcadero\$(BDSAPPDATABASEDIR)\$(PRODUCTVERSION)\UserTools.proj')"/>
    <Import Project="$(MSBuildProjectName).deployproj" Condition="Exists('$(MSBuildProjectName).deployproj')"/>
</Project>
